// !$*UTF8*$!
{
	archiveVersion = 1;
	classes = {
	};
	objectVersion = 56;
	objects = {

/* Begin PBXBuildFile section */
		2BC5ACA22A84A297004A7951 /* FindCovid19App.swift in Sources */ = {isa = PBXBuildFile; fileRef = 2BC5ACA12A84A297004A7951 /* FindCovid19App.swift */; };
		2BC5ACA62A84A2A0004A7951 /* Assets.xcassets in Resources */ = {isa = PBXBuildFile; fileRef = 2BC5ACA52A84A2A0004A7951 /* Assets.xcassets */; };
		2BC5ACA92A84A2A0004A7951 /* Preview Assets.xcassets in Resources */ = {isa = PBXBuildFile; fileRef = 2BC5ACA82A84A2A0004A7951 /* Preview Assets.xcassets */; };
		2BC5ACB02A84C494004A7951 /* CenterAPIResponse.swift in Sources */ = {isa = PBXBuildFile; fileRef = 2BC5ACAF2A84C494004A7951 /* CenterAPIResponse.swift */; };
		2BC5ACB22A84C4B2004A7951 /* Center.swift in Sources */ = {isa = PBXBuildFile; fileRef = 2BC5ACB12A84C4B2004A7951 /* Center.swift */; };
		2BC5ACB62A84C5FF004A7951 /* CenterAPI.swift in Sources */ = {isa = PBXBuildFile; fileRef = 2BC5ACB52A84C5FF004A7951 /* CenterAPI.swift */; };
		2BC5ACBA2A84C6A6004A7951 /* CenterNetwork.swift in Sources */ = {isa = PBXBuildFile; fileRef = 2BC5ACB92A84C6A6004A7951 /* CenterNetwork.swift */; };
		2BC5ACBC2A84C8D0004A7951 /* SelectRegionViewModel.swift in Sources */ = {isa = PBXBuildFile; fileRef = 2BC5ACBB2A84C8D0004A7951 /* SelectRegionViewModel.swift */; };
		2BC5ACBE2A84C8E0004A7951 /* SelectRegionView.swift in Sources */ = {isa = PBXBuildFile; fileRef = 2BC5ACBD2A84C8E0004A7951 /* SelectRegionView.swift */; };
		2BC5ACC02A84CA17004A7951 /* SelectRegionItem.swift in Sources */ = {isa = PBXBuildFile; fileRef = 2BC5ACBF2A84CA17004A7951 /* SelectRegionItem.swift */; };
		2BC5ACC32A84CC69004A7951 /* CenterRow.swift in Sources */ = {isa = PBXBuildFile; fileRef = 2BC5ACC22A84CC69004A7951 /* CenterRow.swift */; };
		2BC5ACC52A84CD97004A7951 /* CenterList.swift in Sources */ = {isa = PBXBuildFile; fileRef = 2BC5ACC42A84CD97004A7951 /* CenterList.swift */; };
		2BC5ACC92A84D0A7004A7951 /* MapView.swift in Sources */ = {isa = PBXBuildFile; fileRef = 2BC5ACC82A84D0A7004A7951 /* MapView.swift */; };
		2BC5ACCB2A84D22C004A7951 /* CenterDetailView.swift in Sources */ = {isa = PBXBuildFile; fileRef = 2BC5ACCA2A84D22C004A7951 /* CenterDetailView.swift */; };
/* End PBXBuildFile section */

/* Begin PBXFileReference section */
		2BC5AC9E2A84A297004A7951 /* FindCovid19.app */ = {isa = PBXFileReference; explicitFileType = wrapper.application; includeInIndex = 0; path = FindCovid19.app; sourceTree = BUILT_PRODUCTS_DIR; };
		2BC5ACA12A84A297004A7951 /* FindCovid19App.swift */ = {isa = PBXFileReference; lastKnownFileType = sourcecode.swift; path = FindCovid19App.swift; sourceTree = "<group>"; };
		2BC5ACA52A84A2A0004A7951 /* Assets.xcassets */ = {isa = PBXFileReference; lastKnownFileType = folder.assetcatalog; path = Assets.xcassets; sourceTree = "<group>"; };
		2BC5ACA82A84A2A0004A7951 /* Preview Assets.xcassets */ = {isa = PBXFileReference; lastKnownFileType = folder.assetcatalog; path = "Preview Assets.xcassets"; sourceTree = "<group>"; };
		2BC5ACAF2A84C494004A7951 /* CenterAPIResponse.swift */ = {isa = PBXFileReference; lastKnownFileType = sourcecode.swift; path = CenterAPIResponse.swift; sourceTree = "<group>"; };
		2BC5ACB12A84C4B2004A7951 /* Center.swift */ = {isa = PBXFileReference; lastKnownFileType = sourcecode.swift; path = Center.swift; sourceTree = "<group>"; };
		2BC5ACB52A84C5FF004A7951 /* CenterAPI.swift */ = {isa = PBXFileReference; lastKnownFileType = sourcecode.swift; path = CenterAPI.swift; sourceTree = "<group>"; };
		2BC5ACB92A84C6A6004A7951 /* CenterNetwork.swift */ = {isa = PBXFileReference; lastKnownFileType = sourcecode.swift; path = CenterNetwork.swift; sourceTree = "<group>"; };
		2BC5ACBB2A84C8D0004A7951 /* SelectRegionViewModel.swift */ = {isa = PBXFileReference; lastKnownFileType = sourcecode.swift; path = SelectRegionViewModel.swift; sourceTree = "<group>"; };
		2BC5ACBD2A84C8E0004A7951 /* SelectRegionView.swift */ = {isa = PBXFileReference; lastKnownFileType = sourcecode.swift; path = SelectRegionView.swift; sourceTree = "<group>"; };
		2BC5ACBF2A84CA17004A7951 /* SelectRegionItem.swift */ = {isa = PBXFileReference; lastKnownFileType = sourcecode.swift; path = SelectRegionItem.swift; sourceTree = "<group>"; };
		2BC5ACC22A84CC69004A7951 /* CenterRow.swift */ = {isa = PBXFileReference; lastKnownFileType = sourcecode.swift; path = CenterRow.swift; sourceTree = "<group>"; };
		2BC5ACC42A84CD97004A7951 /* CenterList.swift */ = {isa = PBXFileReference; lastKnownFileType = sourcecode.swift; path = CenterList.swift; sourceTree = "<group>"; };
		2BC5ACC82A84D0A7004A7951 /* MapView.swift */ = {isa = PBXFileReference; lastKnownFileType = sourcecode.swift; path = MapView.swift; sourceTree = "<group>"; };
		2BC5ACCA2A84D22C004A7951 /* CenterDetailView.swift */ = {isa = PBXFileReference; lastKnownFileType = sourcecode.swift; path = CenterDetailView.swift; sourceTree = "<group>"; };
/* End PBXFileReference section */

/* Begin PBXFrameworksBuildPhase section */
		2BC5AC9B2A84A296004A7951 /* Frameworks */ = {
			isa = PBXFrameworksBuildPhase;
			buildActionMask = 2147483647;
			files = (
			);
			runOnlyForDeploymentPostprocessing = 0;
		};
/* End PBXFrameworksBuildPhase section */

/* Begin PBXGroup section */
		2BC5AC952A84A296004A7951 = {
			isa = PBXGroup;
			children = (
				2BC5ACA02A84A297004A7951 /* FindCovid19 */,
				2BC5AC9F2A84A297004A7951 /* Products */,
			);
			sourceTree = "<group>";
		};
		2BC5AC9F2A84A297004A7951 /* Products */ = {
			isa = PBXGroup;
			children = (
				2BC5AC9E2A84A297004A7951 /* FindCovid19.app */,
			);
			name = Products;
			sourceTree = "<group>";
		};
		2BC5ACA02A84A297004A7951 /* FindCovid19 */ = {
			isa = PBXGroup;
			children = (
				2BC5ACC12A84CAE5004A7951 /* Presentation */,
				2BC5ACB72A84C605004A7951 /* Entities */,
				2BC5ACB82A84C60D004A7951 /* Network */,
				2BC5ACA12A84A297004A7951 /* FindCovid19App.swift */,
				2BC5ACA52A84A2A0004A7951 /* Assets.xcassets */,
				2BC5ACA72A84A2A0004A7951 /* Preview Content */,
			);
			path = FindCovid19;
			sourceTree = "<group>";
		};
		2BC5ACA72A84A2A0004A7951 /* Preview Content */ = {
			isa = PBXGroup;
			children = (
				2BC5ACA82A84A2A0004A7951 /* Preview Assets.xcassets */,
			);
			path = "Preview Content";
			sourceTree = "<group>";
		};
		2BC5ACB72A84C605004A7951 /* Entities */ = {
			isa = PBXGroup;
			children = (
				2BC5ACB12A84C4B2004A7951 /* Center.swift */,
				2BC5ACAF2A84C494004A7951 /* CenterAPIResponse.swift */,
			);
			path = Entities;
			sourceTree = "<group>";
		};
		2BC5ACB82A84C60D004A7951 /* Network */ = {
			isa = PBXGroup;
			children = (
				2BC5ACB52A84C5FF004A7951 /* CenterAPI.swift */,
				2BC5ACB92A84C6A6004A7951 /* CenterNetwork.swift */,
			);
			path = Network;
			sourceTree = "<group>";
		};
		2BC5ACC12A84CAE5004A7951 /* Presentation */ = {
			isa = PBXGroup;
			children = (
				2BC5ACC72A84D08D004A7951 /* CenterList */,
				2BC5ACC62A84D076004A7951 /* SelectRegionView */,
				2BC5ACC82A84D0A7004A7951 /* MapView.swift */,
				2BC5ACCA2A84D22C004A7951 /* CenterDetailView.swift */,
			);
			path = Presentation;
			sourceTree = "<group>";
		};
		2BC5ACC62A84D076004A7951 /* SelectRegionView */ = {
			isa = PBXGroup;
			children = (
				2BC5ACBB2A84C8D0004A7951 /* SelectRegionViewModel.swift */,
				2BC5ACBF2A84CA17004A7951 /* SelectRegionItem.swift */,
				2BC5ACBD2A84C8E0004A7951 /* SelectRegionView.swift */,
			);
			path = SelectRegionView;
			sourceTree = "<group>";
		};
		2BC5ACC72A84D08D004A7951 /* CenterList */ = {
			isa = PBXGroup;
			children = (
				2BC5ACC22A84CC69004A7951 /* CenterRow.swift */,
				2BC5ACC42A84CD97004A7951 /* CenterList.swift */,
			);
			path = CenterList;
			sourceTree = "<group>";
		};
/* End PBXGroup section */

/* Begin PBXNativeTarget section */
		2BC5AC9D2A84A296004A7951 /* FindCovid19 */ = {
			isa = PBXNativeTarget;
			buildConfigurationList = 2BC5ACAC2A84A2A0004A7951 /* Build configuration list for PBXNativeTarget "FindCovid19" */;
			buildPhases = (
				2BC5AC9A2A84A296004A7951 /* Sources */,
				2BC5AC9B2A84A296004A7951 /* Frameworks */,
				2BC5AC9C2A84A296004A7951 /* Resources */,
			);
			buildRules = (
			);
			dependencies = (
			);
			name = FindCovid19;
			productName = FindCovid19;
			productReference = 2BC5AC9E2A84A297004A7951 /* FindCovid19.app */;
			productType = "com.apple.product-type.application";
		};
/* End PBXNativeTarget section */

/* Begin PBXProject section */
		2BC5AC962A84A296004A7951 /* Project object */ = {
			isa = PBXProject;
			attributes = {
				BuildIndependentTargetsInParallel = 1;
				LastSwiftUpdateCheck = 1500;
				LastUpgradeCheck = 1500;
				TargetAttributes = {
					2BC5AC9D2A84A296004A7951 = {
						CreatedOnToolsVersion = 15.0;
					};
				};
			};
			buildConfigurationList = 2BC5AC992A84A296004A7951 /* Build configuration list for PBXProject "FindCovid19" */;
			compatibilityVersion = "Xcode 14.0";
			developmentRegion = en;
			hasScannedForEncodings = 0;
			knownRegions = (
				en,
				Base,
			);
			mainGroup = 2BC5AC952A84A296004A7951;
			productRefGroup = 2BC5AC9F2A84A297004A7951 /* Products */;
			projectDirPath = "";
			projectRoot = "";
			targets = (
				2BC5AC9D2A84A296004A7951 /* FindCovid19 */,
			);
		};
/* End PBXProject section */

/* Begin PBXResourcesBuildPhase section */
		2BC5AC9C2A84A296004A7951 /* Resources */ = {
			isa = PBXResourcesBuildPhase;
			buildActionMask = 2147483647;
			files = (
				2BC5ACA92A84A2A0004A7951 /* Preview Assets.xcassets in Resources */,
				2BC5ACA62A84A2A0004A7951 /* Assets.xcassets in Resources */,
			);
			runOnlyForDeploymentPostprocessing = 0;
		};
/* End PBXResourcesBuildPhase section */

/* Begin PBXSourcesBuildPhase section */
		2BC5AC9A2A84A296004A7951 /* Sources */ = {
			isa = PBXSourcesBuildPhase;
			buildActionMask = 2147483647;
			files = (
				2BC5ACBE2A84C8E0004A7951 /* SelectRegionView.swift in Sources */,
				2BC5ACC92A84D0A7004A7951 /* MapView.swift in Sources */,
				2BC5ACC02A84CA17004A7951 /* SelectRegionItem.swift in Sources */,
				2BC5ACC52A84CD97004A7951 /* CenterList.swift in Sources */,
				2BC5ACB22A84C4B2004A7951 /* Center.swift in Sources */,
				2BC5ACCB2A84D22C004A7951 /* CenterDetailView.swift in Sources */,
				2BC5ACC32A84CC69004A7951 /* CenterRow.swift in Sources */,
				2BC5ACBA2A84C6A6004A7951 /* CenterNetwork.swift in Sources */,
				2BC5ACB62A84C5FF004A7951 /* CenterAPI.swift in Sources */,
				2BC5ACB02A84C494004A7951 /* CenterAPIResponse.swift in Sources */,
				2BC5ACBC2A84C8D0004A7951 /* SelectRegionViewModel.swift in Sources */,
				2BC5ACA22A84A297004A7951 /* FindCovid19App.swift in Sources */,
			);
			runOnlyForDeploymentPostprocessing = 0;
		};
/* End PBXSourcesBuildPhase section */

/* Begin XCBuildConfiguration section */
		2BC5ACAA2A84A2A0004A7951 /* Debug */ = {
			isa = XCBuildConfiguration;
			buildSettings = {
				ALWAYS_SEARCH_USER_PATHS = NO;
				ASSETCATALOG_COMPILER_GENERATE_SWIFT_ASSET_SYMBOL_EXTENSIONS = YES;
				CLANG_ANALYZER_NONNULL = YES;
				CLANG_ANALYZER_NUMBER_OBJECT_CONVERSION = YES_AGGRESSIVE;
				CLANG_CXX_LANGUAGE_STANDARD = "gnu++20";
				CLANG_ENABLE_MODULES = YES;
				CLANG_ENABLE_OBJC_ARC = YES;
				CLANG_ENABLE_OBJC_WEAK = YES;
				CLANG_WARN_BLOCK_CAPTURE_AUTORELEASING = YES;
				CLANG_WARN_BOOL_CONVERSION = YES;
				CLANG_WARN_COMMA = YES;
				CLANG_WARN_CONSTANT_CONVERSION = YES;
				CLANG_WARN_DEPRECATED_OBJC_IMPLEMENTATIONS = YES;
				CLANG_WARN_DIRECT_OBJC_ISA_USAGE = YES_ERROR;
				CLANG_WARN_DOCUMENTATION_COMMENTS = YES;
				CLANG_WARN_EMPTY_BODY = YES;
				CLANG_WARN_ENUM_CONVERSION = YES;
				CLANG_WARN_INFINITE_RECURSION = YES;
				CLANG_WARN_INT_CONVERSION = YES;
				CLANG_WARN_NON_LITERAL_NULL_CONVERSION = YES;
				CLANG_WARN_OBJC_IMPLICIT_RETAIN_SELF = YES;
				CLANG_WARN_OBJC_LITERAL_CONVERSION = YES;
				CLANG_WARN_OBJC_ROOT_CLASS = YES_ERROR;
				CLANG_WARN_QUOTED_INCLUDE_IN_FRAMEWORK_HEADER = YES;
				CLANG_WARN_RANGE_LOOP_ANALYSIS = YES;
				CLANG_WARN_STRICT_PROTOTYPES = YES;
				CLANG_WARN_SUSPICIOUS_MOVE = YES;
				CLANG_WARN_UNGUARDED_AVAILABILITY = YES_AGGRESSIVE;
				CLANG_WARN_UNREACHABLE_CODE = YES;
				CLANG_WARN__DUPLICATE_METHOD_MATCH = YES;
				COPY_PHASE_STRIP = NO;
				DEBUG_INFORMATION_FORMAT = dwarf;
				ENABLE_STRICT_OBJC_MSGSEND = YES;
				ENABLE_TESTABILITY = YES;
				ENABLE_USER_SCRIPT_SANDBOXING = YES;
				GCC_C_LANGUAGE_STANDARD = gnu17;
				GCC_DYNAMIC_NO_PIC = NO;
				GCC_NO_COMMON_BLOCKS = YES;
				GCC_OPTIMIZATION_LEVEL = 0;
				GCC_PREPROCESSOR_DEFINITIONS = (
					"DEBUG=1",
					"$(inherited)",
				);
				GCC_WARN_64_TO_32_BIT_CONVERSION = YES;
				GCC_WARN_ABOUT_RETURN_TYPE = YES_ERROR;
				GCC_WARN_UNDECLARED_SELECTOR = YES;
				GCC_WARN_UNINITIALIZED_AUTOS = YES_AGGRESSIVE;
				GCC_WARN_UNUSED_FUNCTION = YES;
				GCC_WARN_UNUSED_VARIABLE = YES;
				IPHONEOS_DEPLOYMENT_TARGET = 17.0;
				LOCALIZATION_PREFERS_STRING_CATALOGS = YES;
				MTL_ENABLE_DEBUG_INFO = INCLUDE_SOURCE;
				MTL_FAST_MATH = YES;
				ONLY_ACTIVE_ARCH = YES;
				SDKROOT = iphoneos;
				SWIFT_ACTIVE_COMPILATION_CONDITIONS = "DEBUG $(inherited)";
				SWIFT_OPTIMIZATION_LEVEL = "-Onone";
			};
			name = Debug;
		};
		2BC5ACAB2A84A2A0004A7951 /* Release */ = {
			isa = XCBuildConfiguration;
			buildSettings = {
				ALWAYS_SEARCH_USER_PATHS = NO;
				ASSETCATALOG_COMPILER_GENERATE_SWIFT_ASSET_SYMBOL_EXTENSIONS = YES;
				CLANG_ANALYZER_NONNULL = YES;
				CLANG_ANALYZER_NUMBER_OBJECT_CONVERSION = YES_AGGRESSIVE;
				CLANG_CXX_LANGUAGE_STANDARD = "gnu++20";
				CLANG_ENABLE_MODULES = YES;
				CLANG_ENABLE_OBJC_ARC = YES;
				CLANG_ENABLE_OBJC_WEAK = YES;
				CLANG_WARN_BLOCK_CAPTURE_AUTORELEASING = YES;
				CLANG_WARN_BOOL_CONVERSION = YES;
				CLANG_WARN_COMMA = YES;
				CLANG_WARN_CONSTANT_CONVERSION = YES;
				CLANG_WARN_DEPRECATED_OBJC_IMPLEMENTATIONS = YES;
				CLANG_WARN_DIRECT_OBJC_ISA_USAGE = YES_ERROR;
				CLANG_WARN_DOCUMENTATION_COMMENTS = YES;
				CLANG_WARN_EMPTY_BODY = YES;
				CLANG_WARN_ENUM_CONVERSION = YES;
				CLANG_WARN_INFINITE_RECURSION = YES;
				CLANG_WARN_INT_CONVERSION = YES;
				CLANG_WARN_NON_LITERAL_NULL_CONVERSION = YES;
				CLANG_WARN_OBJC_IMPLICIT_RETAIN_SELF = YES;
				CLANG_WARN_OBJC_LITERAL_CONVERSION = YES;
				CLANG_WARN_OBJC_ROOT_CLASS = YES_ERROR;
				CLANG_WARN_QUOTED_INCLUDE_IN_FRAMEWORK_HEADER = YES;
				CLANG_WARN_RANGE_LOOP_ANALYSIS = YES;
				CLANG_WARN_STRICT_PROTOTYPES = YES;
				CLANG_WARN_SUSPICIOUS_MOVE = YES;
				CLANG_WARN_UNGUARDED_AVAILABILITY = YES_AGGRESSIVE;
				CLANG_WARN_UNREACHABLE_CODE = YES;
				CLANG_WARN__DUPLICATE_METHOD_MATCH = YES;
				COPY_PHASE_STRIP = NO;
				DEBUG_INFORMATION_FORMAT = "dwarf-with-dsym";
				ENABLE_NS_ASSERTIONS = NO;
				ENABLE_STRICT_OBJC_MSGSEND = YES;
				ENABLE_USER_SCRIPT_SANDBOXING = YES;
				GCC_C_LANGUAGE_STANDARD = gnu17;
				GCC_NO_COMMON_BLOCKS = YES;
				GCC_WARN_64_TO_32_BIT_CONVERSION = YES;
				GCC_WARN_ABOUT_RETURN_TYPE = YES_ERROR;
				GCC_WARN_UNDECLARED_SELECTOR = YES;
				GCC_WARN_UNINITIALIZED_AUTOS = YES_AGGRESSIVE;
				GCC_WARN_UNUSED_FUNCTION = YES;
				GCC_WARN_UNUSED_VARIABLE = YES;
				IPHONEOS_DEPLOYMENT_TARGET = 17.0;
				LOCALIZATION_PREFERS_STRING_CATALOGS = YES;
				MTL_ENABLE_DEBUG_INFO = NO;
				MTL_FAST_MATH = YES;
				SDKROOT = iphoneos;
				SWIFT_COMPILATION_MODE = wholemodule;
				VALIDATE_PRODUCT = YES;
			};
			name = Release;
		};
		2BC5ACAD2A84A2A0004A7951 /* Debug */ = {
			isa = XCBuildConfiguration;
			buildSettings = {
				ASSETCATALOG_COMPILER_APPICON_NAME = AppIcon;
				ASSETCATALOG_COMPILER_GLOBAL_ACCENT_COLOR_NAME = AccentColor;
				CODE_SIGN_STYLE = Automatic;
				CURRENT_PROJECT_VERSION = 1;
				DEVELOPMENT_ASSET_PATHS = "\"FindCovid19/Preview Content\"";
				DEVELOPMENT_TEAM = 2Q6MH57SWY;
				ENABLE_PREVIEWS = YES;
				GENERATE_INFOPLIST_FILE = YES;
				INFOPLIST_KEY_UIApplicationSceneManifest_Generation = YES;
				INFOPLIST_KEY_UIApplicationSupportsIndirectInputEvents = YES;
				INFOPLIST_KEY_UILaunchScreen_Generation = YES;
				INFOPLIST_KEY_UISupportedInterfaceOrientations_iPad = "UIInterfaceOrientationPortrait UIInterfaceOrientationPortraitUpsideDown UIInterfaceOrientationLandscapeLeft UIInterfaceOrientationLandscapeRight";
				INFOPLIST_KEY_UISupportedInterfaceOrientations_iPhone = "UIInterfaceOrientationPortrait UIInterfaceOrientationLandscapeLeft UIInterfaceOrientationLandscapeRight";
				LD_RUNPATH_SEARCH_PATHS = (
					"$(inherited)",
					"@executable_path/Frameworks",
				);
				MARKETING_VERSION = 1.0;
				PRODUCT_BUNDLE_IDENTIFIER = com.jsy.FindCovid19;
				PRODUCT_NAME = "$(TARGET_NAME)";
				SWIFT_EMIT_LOC_STRINGS = YES;
				SWIFT_VERSION = 5.0;
				TARGETED_DEVICE_FAMILY = "1,2";
			};
			name = Debug;
		};
		2BC5ACAE2A84A2A0004A7951 /* Release */ = {
			isa = XCBuildConfiguration;
			buildSettings = {
				ASSETCATALOG_COMPILER_APPICON_NAME = AppIcon;
				ASSETCATALOG_COMPILER_GLOBAL_ACCENT_COLOR_NAME = AccentColor;
				CODE_SIGN_STYLE = Automatic;
				CURRENT_PROJECT_VERSION = 1;
				DEVELOPMENT_ASSET_PATHS = "\"FindCovid19/Preview Content\"";
				DEVELOPMENT_TEAM = 2Q6MH57SWY;
				ENABLE_PREVIEWS = YES;
				GENERATE_INFOPLIST_FILE = YES;
				INFOPLIST_KEY_UIApplicationSceneManifest_Generation = YES;
				INFOPLIST_KEY_UIApplicationSupportsIndirectInputEvents = YES;
				INFOPLIST_KEY_UILaunchScreen_Generation = YES;
				INFOPLIST_KEY_UISupportedInterfaceOrientations_iPad = "UIInterfaceOrientationPortrait UIInterfaceOrientationPortraitUpsideDown UIInterfaceOrientationLandscapeLeft UIInterfaceOrientationLandscapeRight";
				INFOPLIST_KEY_UISupportedInterfaceOrientations_iPhone = "UIInterfaceOrientationPortrait UIInterfaceOrientationLandscapeLeft UIInterfaceOrientationLandscapeRight";
				LD_RUNPATH_SEARCH_PATHS = (
					"$(inherited)",
					"@executable_path/Frameworks",
				);
				MARKETING_VERSION = 1.0;
				PRODUCT_BUNDLE_IDENTIFIER = com.jsy.FindCovid19;
				PRODUCT_NAME = "$(TARGET_NAME)";
				SWIFT_EMIT_LOC_STRINGS = YES;
				SWIFT_VERSION = 5.0;
				TARGETED_DEVICE_FAMILY = "1,2";
			};
			name = Release;
		};
/* End XCBuildConfiguration section */

/* Begin XCConfigurationList section */
		2BC5AC992A84A296004A7951 /* Build configuration list for PBXProject "FindCovid19" */ = {
			isa = XCConfigurationList;
			buildConfigurations = (
				2BC5ACAA2A84A2A0004A7951 /* Debug */,
				2BC5ACAB2A84A2A0004A7951 /* Release */,
			);
			defaultConfigurationIsVisible = 0;
			defaultConfigurationName = Release;
		};
		2BC5ACAC2A84A2A0004A7951 /* Build configuration list for PBXNativeTarget "FindCovid19" */ = {
			isa = XCConfigurationList;
			buildConfigurations = (
				2BC5ACAD2A84A2A0004A7951 /* Debug */,
				2BC5ACAE2A84A2A0004A7951 /* Release */,
			);
			defaultConfigurationIsVisible = 0;
			defaultConfigurationName = Release;
		};
/* End XCConfigurationList section */
	};
	rootObject = 2BC5AC962A84A296004A7951 /* Project object */;
}
