// !$*UTF8*$!
{
	archiveVersion = 1;
	classes = {
	};
	objectVersion = 56;
	objects = {

/* Begin PBXBuildFile section */
		2BC5AC6B2A8386F5004A7951 /* StartbucksApp.swift in Sources */ = {isa = PBXBuildFile; fileRef = 2BC5AC6A2A8386F5004A7951 /* StartbucksApp.swift */; };
		2BC5AC6D2A8386F5004A7951 /* MainTabView.swift in Sources */ = {isa = PBXBuildFile; fileRef = 2BC5AC6C2A8386F5004A7951 /* MainTabView.swift */; };
		2BC5AC6F2A8386F9004A7951 /* Assets.xcassets in Resources */ = {isa = PBXBuildFile; fileRef = 2BC5AC6E2A8386F9004A7951 /* Assets.xcassets */; };
		2BC5AC722A8386F9004A7951 /* Preview Assets.xcassets in Resources */ = {isa = PBXBuildFile; fileRef = 2BC5AC712A8386F9004A7951 /* Preview Assets.xcassets */; };
		2BC5AC7A2A838AB2004A7951 /* Tab.swift in Sources */ = {isa = PBXBuildFile; fileRef = 2BC5AC792A838AB2004A7951 /* Tab.swift */; };
		2BC5AC7C2A83973D004A7951 /* HomeView.swift in Sources */ = {isa = PBXBuildFile; fileRef = 2BC5AC7B2A83973D004A7951 /* HomeView.swift */; };
		2BC5AC802A8397A1004A7951 /* HomeHeaderView.swift in Sources */ = {isa = PBXBuildFile; fileRef = 2BC5AC7F2A8397A1004A7951 /* HomeHeaderView.swift */; };
		2BC5AC822A839A2D004A7951 /* User.swift in Sources */ = {isa = PBXBuildFile; fileRef = 2BC5AC812A839A2D004A7951 /* User.swift */; };
		2BC5AC842A839A9D004A7951 /* MenuSuggestSectionView.swift in Sources */ = {isa = PBXBuildFile; fileRef = 2BC5AC832A839A9C004A7951 /* MenuSuggestSectionView.swift */; };
		2BC5AC862A839B3F004A7951 /* CoffeeMenu.swift in Sources */ = {isa = PBXBuildFile; fileRef = 2BC5AC852A839B3F004A7951 /* CoffeeMenu.swift */; };
		2BC5AC882A839E7A004A7951 /* EventSectionView.swift in Sources */ = {isa = PBXBuildFile; fileRef = 2BC5AC872A839E7A004A7951 /* EventSectionView.swift */; };
		2BC5AC8A2A839FF6004A7951 /* Event.swift in Sources */ = {isa = PBXBuildFile; fileRef = 2BC5AC892A839FF6004A7951 /* Event.swift */; };
		2BC5AC8E2A83B26B004A7951 /* OtherView.swift in Sources */ = {isa = PBXBuildFile; fileRef = 2BC5AC8D2A83B26A004A7951 /* OtherView.swift */; };
		2BC5AC902A83B3FC004A7951 /* SettingMenu.swift in Sources */ = {isa = PBXBuildFile; fileRef = 2BC5AC8F2A83B3FC004A7951 /* SettingMenu.swift */; };
		2BC5AC922A83B823004A7951 /* SettingView.swift in Sources */ = {isa = PBXBuildFile; fileRef = 2BC5AC912A83B823004A7951 /* SettingView.swift */; };
/* End PBXBuildFile section */

/* Begin PBXFileReference section */
		2BC5AC672A8386F5004A7951 /* Startbucks.app */ = {isa = PBXFileReference; explicitFileType = wrapper.application; includeInIndex = 0; path = Startbucks.app; sourceTree = BUILT_PRODUCTS_DIR; };
		2BC5AC6A2A8386F5004A7951 /* StartbucksApp.swift */ = {isa = PBXFileReference; lastKnownFileType = sourcecode.swift; path = StartbucksApp.swift; sourceTree = "<group>"; };
		2BC5AC6C2A8386F5004A7951 /* MainTabView.swift */ = {isa = PBXFileReference; lastKnownFileType = sourcecode.swift; path = MainTabView.swift; sourceTree = "<group>"; };
		2BC5AC6E2A8386F9004A7951 /* Assets.xcassets */ = {isa = PBXFileReference; lastKnownFileType = folder.assetcatalog; path = Assets.xcassets; sourceTree = "<group>"; };
		2BC5AC712A8386F9004A7951 /* Preview Assets.xcassets */ = {isa = PBXFileReference; lastKnownFileType = folder.assetcatalog; path = "Preview Assets.xcassets"; sourceTree = "<group>"; };
		2BC5AC792A838AB2004A7951 /* Tab.swift */ = {isa = PBXFileReference; lastKnownFileType = sourcecode.swift; path = Tab.swift; sourceTree = "<group>"; };
		2BC5AC7B2A83973D004A7951 /* HomeView.swift */ = {isa = PBXFileReference; lastKnownFileType = sourcecode.swift; path = HomeView.swift; sourceTree = "<group>"; };
		2BC5AC7F2A8397A1004A7951 /* HomeHeaderView.swift */ = {isa = PBXFileReference; lastKnownFileType = sourcecode.swift; path = HomeHeaderView.swift; sourceTree = "<group>"; };
		2BC5AC812A839A2D004A7951 /* User.swift */ = {isa = PBXFileReference; lastKnownFileType = sourcecode.swift; path = User.swift; sourceTree = "<group>"; };
		2BC5AC832A839A9C004A7951 /* MenuSuggestSectionView.swift */ = {isa = PBXFileReference; lastKnownFileType = sourcecode.swift; path = MenuSuggestSectionView.swift; sourceTree = "<group>"; };
		2BC5AC852A839B3F004A7951 /* CoffeeMenu.swift */ = {isa = PBXFileReference; lastKnownFileType = sourcecode.swift; path = CoffeeMenu.swift; sourceTree = "<group>"; };
		2BC5AC872A839E7A004A7951 /* EventSectionView.swift */ = {isa = PBXFileReference; lastKnownFileType = sourcecode.swift; path = EventSectionView.swift; sourceTree = "<group>"; };
		2BC5AC892A839FF6004A7951 /* Event.swift */ = {isa = PBXFileReference; lastKnownFileType = sourcecode.swift; path = Event.swift; sourceTree = "<group>"; };
		2BC5AC8D2A83B26A004A7951 /* OtherView.swift */ = {isa = PBXFileReference; lastKnownFileType = sourcecode.swift; path = OtherView.swift; sourceTree = "<group>"; };
		2BC5AC8F2A83B3FC004A7951 /* SettingMenu.swift */ = {isa = PBXFileReference; lastKnownFileType = sourcecode.swift; path = SettingMenu.swift; sourceTree = "<group>"; };
		2BC5AC912A83B823004A7951 /* SettingView.swift */ = {isa = PBXFileReference; lastKnownFileType = sourcecode.swift; path = SettingView.swift; sourceTree = "<group>"; };
/* End PBXFileReference section */

/* Begin PBXFrameworksBuildPhase section */
		2BC5AC642A8386F5004A7951 /* Frameworks */ = {
			isa = PBXFrameworksBuildPhase;
			buildActionMask = 2147483647;
			files = (
			);
			runOnlyForDeploymentPostprocessing = 0;
		};
/* End PBXFrameworksBuildPhase section */

/* Begin PBXGroup section */
		2BC5AC5E2A8386F4004A7951 = {
			isa = PBXGroup;
			children = (
				2BC5AC692A8386F5004A7951 /* Startbucks */,
				2BC5AC682A8386F5004A7951 /* Products */,
			);
			sourceTree = "<group>";
		};
		2BC5AC682A8386F5004A7951 /* Products */ = {
			isa = PBXGroup;
			children = (
				2BC5AC672A8386F5004A7951 /* Startbucks.app */,
			);
			name = Products;
			sourceTree = "<group>";
		};
		2BC5AC692A8386F5004A7951 /* Startbucks */ = {
			isa = PBXGroup;
			children = (
				2BC5AC6A2A8386F5004A7951 /* StartbucksApp.swift */,
				2BC5AC812A839A2D004A7951 /* User.swift */,
				2BC5AC852A839B3F004A7951 /* CoffeeMenu.swift */,
				2BC5AC892A839FF6004A7951 /* Event.swift */,
				2BC5AC6E2A8386F9004A7951 /* Assets.xcassets */,
				2BC5AC8B2A83B239004A7951 /* Scenes */,
				2BC5AC702A8386F9004A7951 /* Preview Content */,
			);
			path = Startbucks;
			sourceTree = "<group>";
		};
		2BC5AC702A8386F9004A7951 /* Preview Content */ = {
			isa = PBXGroup;
			children = (
				2BC5AC712A8386F9004A7951 /* Preview Assets.xcassets */,
			);
			path = "Preview Content";
			sourceTree = "<group>";
		};
		2BC5AC7D2A839778004A7951 /* Home */ = {
			isa = PBXGroup;
			children = (
				2BC5AC7B2A83973D004A7951 /* HomeView.swift */,
				2BC5AC7F2A8397A1004A7951 /* HomeHeaderView.swift */,
				2BC5AC832A839A9C004A7951 /* MenuSuggestSectionView.swift */,
				2BC5AC872A839E7A004A7951 /* EventSectionView.swift */,
			);
			path = Home;
			sourceTree = "<group>";
		};
		2BC5AC7E2A839789004A7951 /* Tab */ = {
			isa = PBXGroup;
			children = (
				2BC5AC6C2A8386F5004A7951 /* MainTabView.swift */,
				2BC5AC792A838AB2004A7951 /* Tab.swift */,
			);
			path = Tab;
			sourceTree = "<group>";
		};
		2BC5AC8B2A83B239004A7951 /* Scenes */ = {
			isa = PBXGroup;
			children = (
				2BC5AC7E2A839789004A7951 /* Tab */,
				2BC5AC7D2A839778004A7951 /* Home */,
				2BC5AC8C2A83B25A004A7951 /* Other */,
			);
			path = Scenes;
			sourceTree = "<group>";
		};
		2BC5AC8C2A83B25A004A7951 /* Other */ = {
			isa = PBXGroup;
			children = (
				2BC5AC8D2A83B26A004A7951 /* OtherView.swift */,
				2BC5AC8F2A83B3FC004A7951 /* SettingMenu.swift */,
				2BC5AC912A83B823004A7951 /* SettingView.swift */,
			);
			path = Other;
			sourceTree = "<group>";
		};
/* End PBXGroup section */

/* Begin PBXNativeTarget section */
		2BC5AC662A8386F5004A7951 /* Startbucks */ = {
			isa = PBXNativeTarget;
			buildConfigurationList = 2BC5AC752A8386F9004A7951 /* Build configuration list for PBXNativeTarget "Startbucks" */;
			buildPhases = (
				2BC5AC632A8386F5004A7951 /* Sources */,
				2BC5AC642A8386F5004A7951 /* Frameworks */,
				2BC5AC652A8386F5004A7951 /* Resources */,
			);
			buildRules = (
			);
			dependencies = (
			);
			name = Startbucks;
			productName = Startbucks;
			productReference = 2BC5AC672A8386F5004A7951 /* Startbucks.app */;
			productType = "com.apple.product-type.application";
		};
/* End PBXNativeTarget section */

/* Begin PBXProject section */
		2BC5AC5F2A8386F4004A7951 /* Project object */ = {
			isa = PBXProject;
			attributes = {
				BuildIndependentTargetsInParallel = 1;
				LastSwiftUpdateCheck = 1500;
				LastUpgradeCheck = 1500;
				TargetAttributes = {
					2BC5AC662A8386F5004A7951 = {
						CreatedOnToolsVersion = 15.0;
					};
				};
			};
			buildConfigurationList = 2BC5AC622A8386F4004A7951 /* Build configuration list for PBXProject "Startbucks" */;
			compatibilityVersion = "Xcode 14.0";
			developmentRegion = en;
			hasScannedForEncodings = 0;
			knownRegions = (
				en,
				Base,
			);
			mainGroup = 2BC5AC5E2A8386F4004A7951;
			productRefGroup = 2BC5AC682A8386F5004A7951 /* Products */;
			projectDirPath = "";
			projectRoot = "";
			targets = (
				2BC5AC662A8386F5004A7951 /* Startbucks */,
			);
		};
/* End PBXProject section */

/* Begin PBXResourcesBuildPhase section */
		2BC5AC652A8386F5004A7951 /* Resources */ = {
			isa = PBXResourcesBuildPhase;
			buildActionMask = 2147483647;
			files = (
				2BC5AC722A8386F9004A7951 /* Preview Assets.xcassets in Resources */,
				2BC5AC6F2A8386F9004A7951 /* Assets.xcassets in Resources */,
			);
			runOnlyForDeploymentPostprocessing = 0;
		};
/* End PBXResourcesBuildPhase section */

/* Begin PBXSourcesBuildPhase section */
		2BC5AC632A8386F5004A7951 /* Sources */ = {
			isa = PBXSourcesBuildPhase;
			buildActionMask = 2147483647;
			files = (
				2BC5AC862A839B3F004A7951 /* CoffeeMenu.swift in Sources */,
				2BC5AC7A2A838AB2004A7951 /* Tab.swift in Sources */,
				2BC5AC802A8397A1004A7951 /* HomeHeaderView.swift in Sources */,
				2BC5AC822A839A2D004A7951 /* User.swift in Sources */,
				2BC5AC8A2A839FF6004A7951 /* Event.swift in Sources */,
				2BC5AC8E2A83B26B004A7951 /* OtherView.swift in Sources */,
				2BC5AC7C2A83973D004A7951 /* HomeView.swift in Sources */,
				2BC5AC6D2A8386F5004A7951 /* MainTabView.swift in Sources */,
				2BC5AC922A83B823004A7951 /* SettingView.swift in Sources */,
				2BC5AC842A839A9D004A7951 /* MenuSuggestSectionView.swift in Sources */,
				2BC5AC882A839E7A004A7951 /* EventSectionView.swift in Sources */,
				2BC5AC6B2A8386F5004A7951 /* StartbucksApp.swift in Sources */,
				2BC5AC902A83B3FC004A7951 /* SettingMenu.swift in Sources */,
			);
			runOnlyForDeploymentPostprocessing = 0;
		};
/* End PBXSourcesBuildPhase section */

/* Begin XCBuildConfiguration section */
		2BC5AC732A8386F9004A7951 /* Debug */ = {
			isa = XCBuildConfiguration;
			buildSettings = {
				ALWAYS_SEARCH_USER_PATHS = NO;
				ASSETCATALOG_COMPILER_GENERATE_SWIFT_ASSET_SYMBOL_EXTENSIONS = YES;
				CLANG_ANALYZER_NONNULL = YES;
				CLANG_ANALYZER_NUMBER_OBJECT_CONVERSION = YES_AGGRESSIVE;
				CLANG_CXX_LANGUAGE_STANDARD = "gnu++20";
				CLANG_ENABLE_MODULES = YES;
				CLANG_ENABLE_OBJC_ARC = YES;
				CLANG_ENABLE_OBJC_WEAK = YES;
				CLANG_WARN_BLOCK_CAPTURE_AUTORELEASING = YES;
				CLANG_WARN_BOOL_CONVERSION = YES;
				CLANG_WARN_COMMA = YES;
				CLANG_WARN_CONSTANT_CONVERSION = YES;
				CLANG_WARN_DEPRECATED_OBJC_IMPLEMENTATIONS = YES;
				CLANG_WARN_DIRECT_OBJC_ISA_USAGE = YES_ERROR;
				CLANG_WARN_DOCUMENTATION_COMMENTS = YES;
				CLANG_WARN_EMPTY_BODY = YES;
				CLANG_WARN_ENUM_CONVERSION = YES;
				CLANG_WARN_INFINITE_RECURSION = YES;
				CLANG_WARN_INT_CONVERSION = YES;
				CLANG_WARN_NON_LITERAL_NULL_CONVERSION = YES;
				CLANG_WARN_OBJC_IMPLICIT_RETAIN_SELF = YES;
				CLANG_WARN_OBJC_LITERAL_CONVERSION = YES;
				CLANG_WARN_OBJC_ROOT_CLASS = YES_ERROR;
				CLANG_WARN_QUOTED_INCLUDE_IN_FRAMEWORK_HEADER = YES;
				CLANG_WARN_RANGE_LOOP_ANALYSIS = YES;
				CLANG_WARN_STRICT_PROTOTYPES = YES;
				CLANG_WARN_SUSPICIOUS_MOVE = YES;
				CLANG_WARN_UNGUARDED_AVAILABILITY = YES_AGGRESSIVE;
				CLANG_WARN_UNREACHABLE_CODE = YES;
				CLANG_WARN__DUPLICATE_METHOD_MATCH = YES;
				COPY_PHASE_STRIP = NO;
				DEBUG_INFORMATION_FORMAT = dwarf;
				ENABLE_STRICT_OBJC_MSGSEND = YES;
				ENABLE_TESTABILITY = YES;
				ENABLE_USER_SCRIPT_SANDBOXING = YES;
				GCC_C_LANGUAGE_STANDARD = gnu17;
				GCC_DYNAMIC_NO_PIC = NO;
				GCC_NO_COMMON_BLOCKS = YES;
				GCC_OPTIMIZATION_LEVEL = 0;
				GCC_PREPROCESSOR_DEFINITIONS = (
					"DEBUG=1",
					"$(inherited)",
				);
				GCC_WARN_64_TO_32_BIT_CONVERSION = YES;
				GCC_WARN_ABOUT_RETURN_TYPE = YES_ERROR;
				GCC_WARN_UNDECLARED_SELECTOR = YES;
				GCC_WARN_UNINITIALIZED_AUTOS = YES_AGGRESSIVE;
				GCC_WARN_UNUSED_FUNCTION = YES;
				GCC_WARN_UNUSED_VARIABLE = YES;
				IPHONEOS_DEPLOYMENT_TARGET = 17.0;
				LOCALIZATION_PREFERS_STRING_CATALOGS = YES;
				MTL_ENABLE_DEBUG_INFO = INCLUDE_SOURCE;
				MTL_FAST_MATH = YES;
				ONLY_ACTIVE_ARCH = YES;
				SDKROOT = iphoneos;
				SWIFT_ACTIVE_COMPILATION_CONDITIONS = "DEBUG $(inherited)";
				SWIFT_OPTIMIZATION_LEVEL = "-Onone";
			};
			name = Debug;
		};
		2BC5AC742A8386F9004A7951 /* Release */ = {
			isa = XCBuildConfiguration;
			buildSettings = {
				ALWAYS_SEARCH_USER_PATHS = NO;
				ASSETCATALOG_COMPILER_GENERATE_SWIFT_ASSET_SYMBOL_EXTENSIONS = YES;
				CLANG_ANALYZER_NONNULL = YES;
				CLANG_ANALYZER_NUMBER_OBJECT_CONVERSION = YES_AGGRESSIVE;
				CLANG_CXX_LANGUAGE_STANDARD = "gnu++20";
				CLANG_ENABLE_MODULES = YES;
				CLANG_ENABLE_OBJC_ARC = YES;
				CLANG_ENABLE_OBJC_WEAK = YES;
				CLANG_WARN_BLOCK_CAPTURE_AUTORELEASING = YES;
				CLANG_WARN_BOOL_CONVERSION = YES;
				CLANG_WARN_COMMA = YES;
				CLANG_WARN_CONSTANT_CONVERSION = YES;
				CLANG_WARN_DEPRECATED_OBJC_IMPLEMENTATIONS = YES;
				CLANG_WARN_DIRECT_OBJC_ISA_USAGE = YES_ERROR;
				CLANG_WARN_DOCUMENTATION_COMMENTS = YES;
				CLANG_WARN_EMPTY_BODY = YES;
				CLANG_WARN_ENUM_CONVERSION = YES;
				CLANG_WARN_INFINITE_RECURSION = YES;
				CLANG_WARN_INT_CONVERSION = YES;
				CLANG_WARN_NON_LITERAL_NULL_CONVERSION = YES;
				CLANG_WARN_OBJC_IMPLICIT_RETAIN_SELF = YES;
				CLANG_WARN_OBJC_LITERAL_CONVERSION = YES;
				CLANG_WARN_OBJC_ROOT_CLASS = YES_ERROR;
				CLANG_WARN_QUOTED_INCLUDE_IN_FRAMEWORK_HEADER = YES;
				CLANG_WARN_RANGE_LOOP_ANALYSIS = YES;
				CLANG_WARN_STRICT_PROTOTYPES = YES;
				CLANG_WARN_SUSPICIOUS_MOVE = YES;
				CLANG_WARN_UNGUARDED_AVAILABILITY = YES_AGGRESSIVE;
				CLANG_WARN_UNREACHABLE_CODE = YES;
				CLANG_WARN__DUPLICATE_METHOD_MATCH = YES;
				COPY_PHASE_STRIP = NO;
				DEBUG_INFORMATION_FORMAT = "dwarf-with-dsym";
				ENABLE_NS_ASSERTIONS = NO;
				ENABLE_STRICT_OBJC_MSGSEND = YES;
				ENABLE_USER_SCRIPT_SANDBOXING = YES;
				GCC_C_LANGUAGE_STANDARD = gnu17;
				GCC_NO_COMMON_BLOCKS = YES;
				GCC_WARN_64_TO_32_BIT_CONVERSION = YES;
				GCC_WARN_ABOUT_RETURN_TYPE = YES_ERROR;
				GCC_WARN_UNDECLARED_SELECTOR = YES;
				GCC_WARN_UNINITIALIZED_AUTOS = YES_AGGRESSIVE;
				GCC_WARN_UNUSED_FUNCTION = YES;
				GCC_WARN_UNUSED_VARIABLE = YES;
				IPHONEOS_DEPLOYMENT_TARGET = 17.0;
				LOCALIZATION_PREFERS_STRING_CATALOGS = YES;
				MTL_ENABLE_DEBUG_INFO = NO;
				MTL_FAST_MATH = YES;
				SDKROOT = iphoneos;
				SWIFT_COMPILATION_MODE = wholemodule;
				VALIDATE_PRODUCT = YES;
			};
			name = Release;
		};
		2BC5AC762A8386F9004A7951 /* Debug */ = {
			isa = XCBuildConfiguration;
			buildSettings = {
				ASSETCATALOG_COMPILER_APPICON_NAME = AppIcon;
				ASSETCATALOG_COMPILER_GLOBAL_ACCENT_COLOR_NAME = AccentColor;
				CODE_SIGN_STYLE = Automatic;
				CURRENT_PROJECT_VERSION = 1;
				DEVELOPMENT_ASSET_PATHS = "\"Startbucks/Preview Content\"";
				DEVELOPMENT_TEAM = 2Q6MH57SWY;
				ENABLE_PREVIEWS = YES;
				GENERATE_INFOPLIST_FILE = YES;
				INFOPLIST_KEY_UIApplicationSceneManifest_Generation = YES;
				INFOPLIST_KEY_UIApplicationSupportsIndirectInputEvents = YES;
				INFOPLIST_KEY_UILaunchScreen_Generation = YES;
				INFOPLIST_KEY_UISupportedInterfaceOrientations_iPad = "UIInterfaceOrientationPortrait UIInterfaceOrientationPortraitUpsideDown UIInterfaceOrientationLandscapeLeft UIInterfaceOrientationLandscapeRight";
				INFOPLIST_KEY_UISupportedInterfaceOrientations_iPhone = "UIInterfaceOrientationPortrait UIInterfaceOrientationLandscapeLeft UIInterfaceOrientationLandscapeRight";
				LD_RUNPATH_SEARCH_PATHS = (
					"$(inherited)",
					"@executable_path/Frameworks",
				);
				MARKETING_VERSION = 1.0;
				PRODUCT_BUNDLE_IDENTIFIER = com.jsy.Startbucks;
				PRODUCT_NAME = "$(TARGET_NAME)";
				SWIFT_EMIT_LOC_STRINGS = YES;
				SWIFT_VERSION = 5.0;
				TARGETED_DEVICE_FAMILY = "1,2";
			};
			name = Debug;
		};
		2BC5AC772A8386F9004A7951 /* Release */ = {
			isa = XCBuildConfiguration;
			buildSettings = {
				ASSETCATALOG_COMPILER_APPICON_NAME = AppIcon;
				ASSETCATALOG_COMPILER_GLOBAL_ACCENT_COLOR_NAME = AccentColor;
				CODE_SIGN_STYLE = Automatic;
				CURRENT_PROJECT_VERSION = 1;
				DEVELOPMENT_ASSET_PATHS = "\"Startbucks/Preview Content\"";
				DEVELOPMENT_TEAM = 2Q6MH57SWY;
				ENABLE_PREVIEWS = YES;
				GENERATE_INFOPLIST_FILE = YES;
				INFOPLIST_KEY_UIApplicationSceneManifest_Generation = YES;
				INFOPLIST_KEY_UIApplicationSupportsIndirectInputEvents = YES;
				INFOPLIST_KEY_UILaunchScreen_Generation = YES;
				INFOPLIST_KEY_UISupportedInterfaceOrientations_iPad = "UIInterfaceOrientationPortrait UIInterfaceOrientationPortraitUpsideDown UIInterfaceOrientationLandscapeLeft UIInterfaceOrientationLandscapeRight";
				INFOPLIST_KEY_UISupportedInterfaceOrientations_iPhone = "UIInterfaceOrientationPortrait UIInterfaceOrientationLandscapeLeft UIInterfaceOrientationLandscapeRight";
				LD_RUNPATH_SEARCH_PATHS = (
					"$(inherited)",
					"@executable_path/Frameworks",
				);
				MARKETING_VERSION = 1.0;
				PRODUCT_BUNDLE_IDENTIFIER = com.jsy.Startbucks;
				PRODUCT_NAME = "$(TARGET_NAME)";
				SWIFT_EMIT_LOC_STRINGS = YES;
				SWIFT_VERSION = 5.0;
				TARGETED_DEVICE_FAMILY = "1,2";
			};
			name = Release;
		};
/* End XCBuildConfiguration section */

/* Begin XCConfigurationList section */
		2BC5AC622A8386F4004A7951 /* Build configuration list for PBXProject "Startbucks" */ = {
			isa = XCConfigurationList;
			buildConfigurations = (
				2BC5AC732A8386F9004A7951 /* Debug */,
				2BC5AC742A8386F9004A7951 /* Release */,
			);
			defaultConfigurationIsVisible = 0;
			defaultConfigurationName = Release;
		};
		2BC5AC752A8386F9004A7951 /* Build configuration list for PBXNativeTarget "Startbucks" */ = {
			isa = XCConfigurationList;
			buildConfigurations = (
				2BC5AC762A8386F9004A7951 /* Debug */,
				2BC5AC772A8386F9004A7951 /* Release */,
			);
			defaultConfigurationIsVisible = 0;
			defaultConfigurationName = Release;
		};
/* End XCConfigurationList section */
	};
	rootObject = 2BC5AC5F2A8386F4004A7951 /* Project object */;
}
